
Microsoft Visual Studio Solution File, Format Version 12.00
# Visual Studio 15
VisualStudioVersion = 15.0.27130.2010
MinimumVisualStudioVersion = 10.0.40219.1
Project("{8BC9CEB8-8B4A-11D0-8D11-00A0C91BC942}") = "TyryEngine", "TyryEngine\TyryEngine.vcxproj", "{05926657-36E4-4B2E-94BE-9DA752D415DD}"
EndProject
Project("{8BC9CEB8-8B4A-11D0-8D11-00A0C91BC942}") = "Tools", "Tools\Tools.vcxproj", "{DB89DBC3-E398-4EDC-B42E-161C210E104E}"
	ProjectSection(ProjectDependencies) = postProject
		{05926657-36E4-4B2E-94BE-9DA752D415DD} = {05926657-36E4-4B2E-94BE-9DA752D415DD}
	EndProjectSection
EndProject
Project("{8BC9CEB8-8B4A-11D0-8D11-00A0C91BC942}") = "TestGame", "TestGame\TestGame.vcxproj", "{114AB46E-145D-4BD3-B98A-E5BB19796725}"
	ProjectSection(ProjectDependencies) = postProject
		{05926657-36E4-4B2E-94BE-9DA752D415DD} = {05926657-36E4-4B2E-94BE-9DA752D415DD}
	EndProjectSection
EndProject
Global
	GlobalSection(SolutionConfigurationPlatforms) = preSolution
		Debug|x64 = Debug|x64
		Debug|x86 = Debug|x86
		Release|x64 = Release|x64
		Release|x86 = Release|x86
	EndGlobalSection
	GlobalSection(ProjectConfigurationPlatforms) = postSolution
		{05926657-36E4-4B2E-94BE-9DA752D415DD}.Debug|x64.ActiveCfg = Debug|x64
		{05926657-36E4-4B2E-94BE-9DA752D415DD}.Debug|x64.Build.0 = Debug|x64
		{05926657-36E4-4B2E-94BE-9DA752D415DD}.Debug|x86.ActiveCfg = Debug|Win32
		{05926657-36E4-4B2E-94BE-9DA752D415DD}.Debug|x86.Build.0 = Debug|Win32
		{05926657-36E4-4B2E-94BE-9DA752D415DD}.Release|x64.ActiveCfg = Release|x64
		{05926657-36E4-4B2E-94BE-9DA752D415DD}.Release|x64.Build.0 = Release|x64
		{05926657-36E4-4B2E-94BE-9DA752D415DD}.Release|x86.ActiveCfg = Release|Win32
		{05926657-36E4-4B2E-94BE-9DA752D415DD}.Release|x86.Build.0 = Release|Win32
		{DB89DBC3-E398-4EDC-B42E-161C210E104E}.Debug|x64.ActiveCfg = Debug|x64
		{DB89DBC3-E398-4EDC-B42E-161C210E104E}.Debug|x64.Build.0 = Debug|x64
		{DB89DBC3-E398-4EDC-B42E-161C210E104E}.Debug|x86.ActiveCfg = Debug|Win32
		{DB89DBC3-E398-4EDC-B42E-161C210E104E}.Debug|x86.Build.0 = Debug|Win32
		{DB89DBC3-E398-4EDC-B42E-161C210E104E}.Release|x64.ActiveCfg = Release|x64
		{DB89DBC3-E398-4EDC-B42E-161C210E104E}.Release|x64.Build.0 = Release|x64
		{DB89DBC3-E398-4EDC-B42E-161C210E104E}.Release|x86.ActiveCfg = Release|Win32
		{DB89DBC3-E398-4EDC-B42E-161C210E104E}.Release|x86.Build.0 = Release|Win32
		{114AB46E-145D-4BD3-B98A-E5BB19796725}.Debug|x64.ActiveCfg = Debug|x64
		{114AB46E-145D-4BD3-B98A-E5BB19796725}.Debug|x64.Build.0 = Debug|x64
		{114AB46E-145D-4BD3-B98A-E5BB19796725}.Debug|x86.ActiveCfg = Debug|Win32
		{114AB46E-145D-4BD3-B98A-E5BB19796725}.Debug|x86.Build.0 = Debug|Win32
		{114AB46E-145D-4BD3-B98A-E5BB19796725}.Release|x64.ActiveCfg = Release|x64
		{114AB46E-145D-4BD3-B98A-E5BB19796725}.Release|x64.Build.0 = Release|x64
		{114AB46E-145D-4BD3-B98A-E5BB19796725}.Release|x86.ActiveCfg = Release|Win32
		{114AB46E-145D-4BD3-B98A-E5BB19796725}.Release|x86.Build.0 = Release|Win32
	EndGlobalSection
	GlobalSection(SolutionProperties) = preSolution
		HideSolutionNode = FALSE
	EndGlobalSection
	GlobalSection(ExtensibilityGlobals) = postSolution
		SolutionGuid = {6D1E0DB1-2007-4DCE-B61D-CDA849EF0FC9}
	EndGlobalSection
EndGlobal
